// !$*UTF8*$!
{
	archiveVersion = 1;
	classes = {
	};
	objectVersion = 46;
	objects = {

/* Begin PBXBuildFile section */
		293169461B71847C00582672 /* AppDelegate.swift in Sources */ = {isa = PBXBuildFile; fileRef = 293169451B71847C00582672 /* AppDelegate.swift */; };
		293169481B71847C00582672 /* ViewController.swift in Sources */ = {isa = PBXBuildFile; fileRef = 293169471B71847C00582672 /* ViewController.swift */; };
		2931694B1B71847C00582672 /* Main.storyboard in Resources */ = {isa = PBXBuildFile; fileRef = 293169491B71847C00582672 /* Main.storyboard */; };
		2931694D1B71847C00582672 /* Images.xcassets in Resources */ = {isa = PBXBuildFile; fileRef = 2931694C1B71847C00582672 /* Images.xcassets */; };
		293169501B71847C00582672 /* LaunchScreen.xib in Resources */ = {isa = PBXBuildFile; fileRef = 2931694E1B71847C00582672 /* LaunchScreen.xib */; };
		2931695C1B71847C00582672 /* QRCodeTests.swift in Sources */ = {isa = PBXBuildFile; fileRef = 2931695B1B71847C00582672 /* QRCodeTests.swift */; };
/* End PBXBuildFile section */

/* Begin PBXContainerItemProxy section */
		293169561B71847C00582672 /* PBXContainerItemProxy */ = {
			isa = PBXContainerItemProxy;
			containerPortal = 293169381B71847C00582672 /* Project object */;
			proxyType = 1;
			remoteGlobalIDString = 2931693F1B71847C00582672;
			remoteInfo = QRCode;
		};
/* End PBXContainerItemProxy section */

/* Begin PBXFileReference section */
		293169401B71847C00582672 /* QRCode.app */ = {isa = PBXFileReference; explicitFileType = wrapper.application; includeInIndex = 0; path = QRCode.app; sourceTree = BUILT_PRODUCTS_DIR; };
		293169441B71847C00582672 /* Info.plist */ = {isa = PBXFileReference; lastKnownFileType = text.plist.xml; path = Info.plist; sourceTree = "<group>"; };
		293169451B71847C00582672 /* AppDelegate.swift */ = {isa = PBXFileReference; lastKnownFileType = sourcecode.swift; path = AppDelegate.swift; sourceTree = "<group>"; };
		293169471B71847C00582672 /* ViewController.swift */ = {isa = PBXFileReference; lastKnownFileType = sourcecode.swift; path = ViewController.swift; sourceTree = "<group>"; };
		2931694A1B71847C00582672 /* Base */ = {isa = PBXFileReference; lastKnownFileType = file.storyboard; name = Base; path = Base.lproj/Main.storyboard; sourceTree = "<group>"; };
		2931694C1B71847C00582672 /* Images.xcassets */ = {isa = PBXFileReference; lastKnownFileType = folder.assetcatalog; path = Images.xcassets; sourceTree = "<group>"; };
		2931694F1B71847C00582672 /* Base */ = {isa = PBXFileReference; lastKnownFileType = file.xib; name = Base; path = Base.lproj/LaunchScreen.xib; sourceTree = "<group>"; };
		293169551B71847C00582672 /* QRCodeTests.xctest */ = {isa = PBXFileReference; explicitFileType = wrapper.cfbundle; includeInIndex = 0; path = QRCodeTests.xctest; sourceTree = BUILT_PRODUCTS_DIR; };
		2931695A1B71847C00582672 /* Info.plist */ = {isa = PBXFileReference; lastKnownFileType = text.plist.xml; path = Info.plist; sourceTree = "<group>"; };
		2931695B1B71847C00582672 /* QRCodeTests.swift */ = {isa = PBXFileReference; lastKnownFileType = sourcecode.swift; path = QRCodeTests.swift; sourceTree = "<group>"; };
/* End PBXFileReference section */

/* Begin PBXFrameworksBuildPhase section */
		2931693D1B71847C00582672 /* Frameworks */ = {
			isa = PBXFrameworksBuildPhase;
			buildActionMask = 2147483647;
			files = (
			);
			runOnlyForDeploymentPostprocessing = 0;
		};
		293169521B71847C00582672 /* Frameworks */ = {
			isa = PBXFrameworksBuildPhase;
			buildActionMask = 2147483647;
			files = (
			);
			runOnlyForDeploymentPostprocessing = 0;
		};
/* End PBXFrameworksBuildPhase section */

/* Begin PBXGroup section */
		293169371B71847C00582672 = {
			isa = PBXGroup;
			children = (
				293169421B71847C00582672 /* QRCode */,
				293169581B71847C00582672 /* QRCodeTests */,
				293169411B71847C00582672 /* Products */,
			);
			sourceTree = "<group>";
		};
		293169411B71847C00582672 /* Products */ = {
			isa = PBXGroup;
			children = (
				293169401B71847C00582672 /* QRCode.app */,
				293169551B71847C00582672 /* QRCodeTests.xctest */,
			);
			name = Products;
			sourceTree = "<group>";
		};
		293169421B71847C00582672 /* QRCode */ = {
			isa = PBXGroup;
			children = (
				293169451B71847C00582672 /* AppDelegate.swift */,
				293169471B71847C00582672 /* ViewController.swift */,
				293169491B71847C00582672 /* Main.storyboard */,
				2931694C1B71847C00582672 /* Images.xcassets */,
				2931694E1B71847C00582672 /* LaunchScreen.xib */,
				293169431B71847C00582672 /* Supporting Files */,
			);
			path = QRCode;
			sourceTree = "<group>";
		};
		293169431B71847C00582672 /* Supporting Files */ = {
			isa = PBXGroup;
			children = (
				293169441B71847C00582672 /* Info.plist */,
			);
			name = "Supporting Files";
			sourceTree = "<group>";
		};
		293169581B71847C00582672 /* QRCodeTests */ = {
			isa = PBXGroup;
			children = (
				2931695B1B71847C00582672 /* QRCodeTests.swift */,
				293169591B71847C00582672 /* Supporting Files */,
			);
			path = QRCodeTests;
			sourceTree = "<group>";
		};
		293169591B71847C00582672 /* Supporting Files */ = {
			isa = PBXGroup;
			children = (
				2931695A1B71847C00582672 /* Info.plist */,
			);
			name = "Supporting Files";
			sourceTree = "<group>";
		};
/* End PBXGroup section */

/* Begin PBXNativeTarget section */
		2931693F1B71847C00582672 /* QRCode */ = {
			isa = PBXNativeTarget;
			buildConfigurationList = 2931695F1B71847C00582672 /* Build configuration list for PBXNativeTarget "QRCode" */;
			buildPhases = (
				2931693C1B71847C00582672 /* Sources */,
				2931693D1B71847C00582672 /* Frameworks */,
				2931693E1B71847C00582672 /* Resources */,
			);
			buildRules = (
			);
			dependencies = (
			);
			name = QRCode;
			productName = QRCode;
			productReference = 293169401B71847C00582672 /* QRCode.app */;
			productType = "com.apple.product-type.application";
		};
		293169541B71847C00582672 /* QRCodeTests */ = {
			isa = PBXNativeTarget;
			buildConfigurationList = 293169621B71847C00582672 /* Build configuration list for PBXNativeTarget "QRCodeTests" */;
			buildPhases = (
				293169511B71847C00582672 /* Sources */,
				293169521B71847C00582672 /* Frameworks */,
				293169531B71847C00582672 /* Resources */,
			);
			buildRules = (
			);
			dependencies = (
				293169571B71847C00582672 /* PBXTargetDependency */,
			);
			name = QRCodeTests;
			productName = QRCodeTests;
			productReference = 293169551B71847C00582672 /* QRCodeTests.xctest */;
			productType = "com.apple.product-type.bundle.unit-test";
		};
/* End PBXNativeTarget section */

/* Begin PBXProject section */
		293169381B71847C00582672 /* Project object */ = {
			isa = PBXProject;
			attributes = {
				LastUpgradeCheck = 0640;
				ORGANIZATIONNAME = "Nick Zhu";
				TargetAttributes = {
					2931693F1B71847C00582672 = {
						CreatedOnToolsVersion = 6.4;
					};
					293169541B71847C00582672 = {
						CreatedOnToolsVersion = 6.4;
						TestTargetID = 2931693F1B71847C00582672;
					};
				};
			};
			buildConfigurationList = 2931693B1B71847C00582672 /* Build configuration list for PBXProject "QRCode" */;
			compatibilityVersion = "Xcode 3.2";
			developmentRegion = English;
			hasScannedForEncodings = 0;
			knownRegions = (
				en,
				Base,
			);
			mainGroup = 293169371B71847C00582672;
			productRefGroup = 293169411B71847C00582672 /* Products */;
			projectDirPath = "";
			projectRoot = "";
			targets = (
				2931693F1B71847C00582672 /* QRCode */,
				293169541B71847C00582672 /* QRCodeTests */,
			);
		};
/* End PBXProject section */

/* Begin PBXResourcesBuildPhase section */
		2931693E1B71847C00582672 /* Resources */ = {
			isa = PBXResourcesBuildPhase;
			buildActionMask = 2147483647;
			files = (
				2931694B1B71847C00582672 /* Main.storyboard in Resources */,
				293169501B71847C00582672 /* LaunchScreen.xib in Resources */,
				2931694D1B71847C00582672 /* Images.xcassets in Resources */,
			);
			runOnlyForDeploymentPostprocessing = 0;
		};
		293169531B71847C00582672 /* Resources */ = {
			isa = PBXResourcesBuildPhase;
			buildActionMask = 2147483647;
			files = (
			);
			runOnlyForDeploymentPostprocessing = 0;
		};
/* End PBXResourcesBuildPhase section */

/* Begin PBXSourcesBuildPhase section */
		2931693C1B71847C00582672 /* Sources */ = {
			isa = PBXSourcesBuildPhase;
			buildActionMask = 2147483647;
			files = (
				293169481B71847C00582672 /* ViewController.swift in Sources */,
				293169461B71847C00582672 /* AppDelegate.swift in Sources */,
			);
			runOnlyForDeploymentPostprocessing = 0;
		};
		293169511B71847C00582672 /* Sources */ = {
			isa = PBXSourcesBuildPhase;
			buildActionMask = 2147483647;
			files = (
				2931695C1B71847C00582672 /* QRCodeTests.swift in Sources */,
			);
			runOnlyForDeploymentPostprocessing = 0;
		};
/* End PBXSourcesBuildPhase section */

/* Begin PBXTargetDependency section */
		293169571B71847C00582672 /* PBXTargetDependency */ = {
			isa = PBXTargetDependency;
			target = 2931693F1B71847C00582672 /* QRCode */;
			targetProxy = 293169561B71847C00582672 /* PBXContainerItemProxy */;
		};
/* End PBXTargetDependency section */

/* Begin PBXVariantGroup section */
		293169491B71847C00582672 /* Main.storyboard */ = {
			isa = PBXVariantGroup;
			children = (
				2931694A1B71847C00582672 /* Base */,
			);
			name = Main.storyboard;
			sourceTree = "<group>";
		};
		2931694E1B71847C00582672 /* LaunchScreen.xib */ = {
			isa = PBXVariantGroup;
			children = (
				2931694F1B71847C00582672 /* Base */,
			);
			name = LaunchScreen.xib;
			sourceTree = "<group>";
		};
/* End PBXVariantGroup section */

/* Begin XCBuildConfiguration section */
		2931695D1B71847C00582672 /* Debug */ = {
			isa = XCBuildConfiguration;
			buildSettings = {
				ALWAYS_SEARCH_USER_PATHS = NO;
				CLANG_CXX_LANGUAGE_STANDARD = "gnu++0x";
				CLANG_CXX_LIBRARY = "libc++";
				CLANG_ENABLE_MODULES = YES;
				CLANG_ENABLE_OBJC_ARC = YES;
				CLANG_WARN_BOOL_CONVERSION = YES;
				CLANG_WARN_CONSTANT_CONVERSION = YES;
				CLANG_WARN_DIRECT_OBJC_ISA_USAGE = YES_ERROR;
				CLANG_WARN_EMPTY_BODY = YES;
				CLANG_WARN_ENUM_CONVERSION = YES;
				CLANG_WARN_INT_CONVERSION = YES;
				CLANG_WARN_OBJC_ROOT_CLASS = YES_ERROR;
				CLANG_WARN_UNREACHABLE_CODE = YES;
				CLANG_WARN__DUPLICATE_METHOD_MATCH = YES;
				"CODE_SIGN_IDENTITY[sdk=iphoneos*]" = "iPhone Developer";
				COPY_PHASE_STRIP = NO;
				DEBUG_INFORMATION_FORMAT = "dwarf-with-dsym";
				ENABLE_STRICT_OBJC_MSGSEND = YES;
				GCC_C_LANGUAGE_STANDARD = gnu99;
				GCC_DYNAMIC_NO_PIC = NO;
				GCC_NO_COMMON_BLOCKS = YES;
				GCC_OPTIMIZATION_LEVEL = 0;
				GCC_PREPROCESSOR_DEFINITIONS = (
					"DEBUG=1",
					"$(inherited)",
				);
				GCC_SYMBOLS_PRIVATE_EXTERN = NO;
				GCC_WARN_64_TO_32_BIT_CONVERSION = YES;
				GCC_WARN_ABOUT_RETURN_TYPE = YES_ERROR;
				GCC_WARN_UNDECLARED_SELECTOR = YES;
				GCC_WARN_UNINITIALIZED_AUTOS = YES_AGGRESSIVE;
				GCC_WARN_UNUSED_FUNCTION = YES;
				GCC_WARN_UNUSED_VARIABLE = YES;
				IPHONEOS_DEPLOYMENT_TARGET = 8.4;
				MTL_ENABLE_DEBUG_INFO = YES;
				ONLY_ACTIVE_ARCH = YES;
				SDKROOT = iphoneos;
				SWIFT_OPTIMIZATION_LEVEL = "-Onone";
				TARGETED_DEVICE_FAMILY = "1,2";
			};
			name = Debug;
		};
		2931695E1B71847C00582672 /* Release */ = {
			isa = XCBuildConfiguration;
			buildSettings = {
				ALWAYS_SEARCH_USER_PATHS = NO;
				CLANG_CXX_LANGUAGE_STANDARD = "gnu++0x";
				CLANG_CXX_LIBRARY = "libc++";
				CLANG_ENABLE_MODULES = YES;
				CLANG_ENABLE_OBJC_ARC = YES;
				CLANG_WARN_BOOL_CONVERSION = YES;
				CLANG_WARN_CONSTANT_CONVERSION = YES;
				CLANG_WARN_DIRECT_OBJC_ISA_USAGE = YES_ERROR;
				CLANG_WARN_EMPTY_BODY = YES;
				CLANG_WARN_ENUM_CONVERSION = YES;
				CLANG_WARN_INT_CONVERSION = YES;
				CLANG_WARN_OBJC_ROOT_CLASS = YES_ERROR;
				CLANG_WARN_UNREACHABLE_CODE = YES;
				CLANG_WARN__DUPLICATE_METHOD_MATCH = YES;
				"CODE_SIGN_IDENTITY[sdk=iphoneos*]" = "iPhone Developer";
				COPY_PHASE_STRIP = NO;
				DEBUG_INFORMATION_FORMAT = "dwarf-with-dsym";
				ENABLE_NS_ASSERTIONS = NO;
				ENABLE_STRICT_OBJC_MSGSEND = YES;
				GCC_C_LANGUAGE_STANDARD = gnu99;
				GCC_NO_COMMON_BLOCKS = YES;
				GCC_WARN_64_TO_32_BIT_CONVERSION = YES;
				GCC_WARN_ABOUT_RETURN_TYPE = YES_ERROR;
				GCC_WARN_UNDECLARED_SELECTOR = YES;
				GCC_WARN_UNINITIALIZED_AUTOS = YES_AGGRESSIVE;
				GCC_WARN_UNUSED_FUNCTION = YES;
				GCC_WARN_UNUSED_VARIABLE = YES;
				IPHONEOS_DEPLOYMENT_TARGET = 8.4;
				MTL_ENABLE_DEBUG_INFO = NO;
				SDKROOT = iphoneos;
				TARGETED_DEVICE_FAMILY = "1,2";
				VALIDATE_PRODUCT = YES;
			};
			name = Release;
		};
		293169601B71847C00582672 /* Debug */ = {
			isa = XCBuildConfiguration;
			buildSettings = {
				ASSETCATALOG_COMPILER_APPICON_NAME = AppIcon;
				INFOPLIST_FILE = QRCode/Info.plist;
				LD_RUNPATH_SEARCH_PATHS = "$(inherited) @executable_path/Frameworks";
				PRODUCT_NAME = "$(TARGET_NAME)";
			};
			name = Debug;
		};
		293169611B71847C00582672 /* Release */ = {
			isa = XCBuildConfiguration;
			buildSettings = {
				ASSETCATALOG_COMPILER_APPICON_NAME = AppIcon;
				INFOPLIST_FILE = QRCode/Info.plist;
				LD_RUNPATH_SEARCH_PATHS = "$(inherited) @executable_path/Frameworks";
				PRODUCT_NAME = "$(TARGET_NAME)";
			};
			name = Release;
		};
		293169631B71847C00582672 /* Debug */ = {
			isa = XCBuildConfiguration;
			buildSettings = {
				BUNDLE_LOADER = "$(TEST_HOST)";
				FRAMEWORK_SEARCH_PATHS = (
					"$(SDKROOT)/Developer/Library/Frameworks",
					"$(inherited)",
				);
				GCC_PREPROCESSOR_DEFINITIONS = (
					"DEBUG=1",
					"$(inherited)",
				);
				INFOPLIST_FILE = QRCodeTests/Info.plist;
				LD_RUNPATH_SEARCH_PATHS = "$(inherited) @executable_path/Frameworks @loader_path/Frameworks";
				PRODUCT_NAME = "$(TARGET_NAME)";
				TEST_HOST = "$(BUILT_PRODUCTS_DIR)/QRCode.app/QRCode";
			};
			name = Debug;
		};
		293169641B71847C00582672 /* Release */ = {
			isa = XCBuildConfiguration;
			buildSettings = {
				BUNDLE_LOADER = "$(TEST_HOST)";
				FRAMEWORK_SEARCH_PATHS = (
					"$(SDKROOT)/Developer/Library/Frameworks",
					"$(inherited)",
				);
				INFOPLIST_FILE = QRCodeTests/Info.plist;
				LD_RUNPATH_SEARCH_PATHS = "$(inherited) @executable_path/Frameworks @loader_path/Frameworks";
				PRODUCT_NAME = "$(TARGET_NAME)";
				TEST_HOST = "$(BUILT_PRODUCTS_DIR)/QRCode.app/QRCode";
			};
			name = Release;
		};
/* End XCBuildConfiguration section */

/* Begin XCConfigurationList section */
		2931693B1B71847C00582672 /* Build configuration list for PBXProject "QRCode" */ = {
			isa = XCConfigurationList;
			buildConfigurations = (
				2931695D1B71847C00582672 /* Debug */,
				2931695E1B71847C00582672 /* Release */,
			);
			defaultConfigurationIsVisible = 0;
			defaultConfigurationName = Release;
		};
		2931695F1B71847C00582672 /* Build configuration list for PBXNativeTarget "QRCode" */ = {
			isa = XCConfigurationList;
			buildConfigurations = (
				293169601B71847C00582672 /* Debug */,
				293169611B71847C00582672 /* Release */,
			);
			defaultConfigurationIsVisible = 0;
		};
		293169621B71847C00582672 /* Build configuration list for PBXNativeTarget "QRCodeTests" */ = {
			isa = XCConfigurationList;
			buildConfigurations = (
				293169631B71847C00582672 /* Debug */,
				293169641B71847C00582672 /* Release */,
			);
			defaultConfigurationIsVisible = 0;
		};
/* End XCConfigurationList section */
	};
	rootObject = 293169381B71847C00582672 /* Project object */;
}
